// !$*UTF8*$!
{
	archiveVersion = 1;
	classes = {
	};
	objectVersion = 56;
	objects = {

/* Begin PBXBuildFile section */
		E72F31BF2915ACDC00DE213C /* Quicker_NotesApp.swift in Sources */ = {isa = PBXBuildFile; fileRef = E72F31BE2915ACDC00DE213C /* Quicker_NotesApp.swift */; };
		E72F31C12915ACDC00DE213C /* ContentView.swift in Sources */ = {isa = PBXBuildFile; fileRef = E72F31C02915ACDC00DE213C /* ContentView.swift */; };
		E72F31C32915ACDD00DE213C /* Assets.xcassets in Resources */ = {isa = PBXBuildFile; fileRef = E72F31C22915ACDD00DE213C /* Assets.xcassets */; };
		E72F31C72915ACDD00DE213C /* Preview Assets.xcassets in Resources */ = {isa = PBXBuildFile; fileRef = E72F31C62915ACDD00DE213C /* Preview Assets.xcassets */; };
		E72F31D12915ACDD00DE213C /* Quicker_NotesTests.swift in Sources */ = {isa = PBXBuildFile; fileRef = E72F31D02915ACDD00DE213C /* Quicker_NotesTests.swift */; };
		E72F31DB2915ACDD00DE213C /* Quicker_NotesUITests.swift in Sources */ = {isa = PBXBuildFile; fileRef = E72F31DA2915ACDD00DE213C /* Quicker_NotesUITests.swift */; };
		E72F31DD2915ACDD00DE213C /* Quicker_NotesUITestsLaunchTests.swift in Sources */ = {isa = PBXBuildFile; fileRef = E72F31DC2915ACDD00DE213C /* Quicker_NotesUITestsLaunchTests.swift */; };
		E72F31EB2915ADB100DE213C /* Home.swift in Sources */ = {isa = PBXBuildFile; fileRef = E72F31EA2915ADB100DE213C /* Home.swift */; };
/* End PBXBuildFile section */

/* Begin PBXContainerItemProxy section */
		E72F31CD2915ACDD00DE213C /* PBXContainerItemProxy */ = {
			isa = PBXContainerItemProxy;
			containerPortal = E72F31B32915ACDC00DE213C /* Project object */;
			proxyType = 1;
			remoteGlobalIDString = E72F31BA2915ACDC00DE213C;
			remoteInfo = "Quicker Notes";
		};
		E72F31D72915ACDD00DE213C /* PBXContainerItemProxy */ = {
			isa = PBXContainerItemProxy;
			containerPortal = E72F31B32915ACDC00DE213C /* Project object */;
			proxyType = 1;
			remoteGlobalIDString = E72F31BA2915ACDC00DE213C;
			remoteInfo = "Quicker Notes";
		};
/* End PBXContainerItemProxy section */

/* Begin PBXFileReference section */
		E72F31BB2915ACDC00DE213C /* Quicker Notes.app */ = {isa = PBXFileReference; explicitFileType = wrapper.application; includeInIndex = 0; path = "Quicker Notes.app"; sourceTree = BUILT_PRODUCTS_DIR; };
		E72F31BE2915ACDC00DE213C /* Quicker_NotesApp.swift */ = {isa = PBXFileReference; lastKnownFileType = sourcecode.swift; path = Quicker_NotesApp.swift; sourceTree = "<group>"; };
		E72F31C02915ACDC00DE213C /* ContentView.swift */ = {isa = PBXFileReference; lastKnownFileType = sourcecode.swift; path = ContentView.swift; sourceTree = "<group>"; };
		E72F31C22915ACDD00DE213C /* Assets.xcassets */ = {isa = PBXFileReference; lastKnownFileType = folder.assetcatalog; path = Assets.xcassets; sourceTree = "<group>"; };
		E72F31C42915ACDD00DE213C /* Quicker_Notes.entitlements */ = {isa = PBXFileReference; lastKnownFileType = text.plist.entitlements; path = Quicker_Notes.entitlements; sourceTree = "<group>"; };
		E72F31C62915ACDD00DE213C /* Preview Assets.xcassets */ = {isa = PBXFileReference; lastKnownFileType = folder.assetcatalog; path = "Preview Assets.xcassets"; sourceTree = "<group>"; };
		E72F31CC2915ACDD00DE213C /* Quicker NotesTests.xctest */ = {isa = PBXFileReference; explicitFileType = wrapper.cfbundle; includeInIndex = 0; path = "Quicker NotesTests.xctest"; sourceTree = BUILT_PRODUCTS_DIR; };
		E72F31D02915ACDD00DE213C /* Quicker_NotesTests.swift */ = {isa = PBXFileReference; lastKnownFileType = sourcecode.swift; path = Quicker_NotesTests.swift; sourceTree = "<group>"; };
		E72F31D62915ACDD00DE213C /* Quicker NotesUITests.xctest */ = {isa = PBXFileReference; explicitFileType = wrapper.cfbundle; includeInIndex = 0; path = "Quicker NotesUITests.xctest"; sourceTree = BUILT_PRODUCTS_DIR; };
		E72F31DA2915ACDD00DE213C /* Quicker_NotesUITests.swift */ = {isa = PBXFileReference; lastKnownFileType = sourcecode.swift; path = Quicker_NotesUITests.swift; sourceTree = "<group>"; };
		E72F31DC2915ACDD00DE213C /* Quicker_NotesUITestsLaunchTests.swift */ = {isa = PBXFileReference; lastKnownFileType = sourcecode.swift; path = Quicker_NotesUITestsLaunchTests.swift; sourceTree = "<group>"; };
		E72F31EA2915ADB100DE213C /* Home.swift */ = {isa = PBXFileReference; lastKnownFileType = sourcecode.swift; path = Home.swift; sourceTree = "<group>"; };
/* End PBXFileReference section */

/* Begin PBXFrameworksBuildPhase section */
		E72F31B82915ACDC00DE213C /* Frameworks */ = {
			isa = PBXFrameworksBuildPhase;
			buildActionMask = 2147483647;
			files = (
			);
			runOnlyForDeploymentPostprocessing = 0;
		};
		E72F31C92915ACDD00DE213C /* Frameworks */ = {
			isa = PBXFrameworksBuildPhase;
			buildActionMask = 2147483647;
			files = (
			);
			runOnlyForDeploymentPostprocessing = 0;
		};
		E72F31D32915ACDD00DE213C /* Frameworks */ = {
			isa = PBXFrameworksBuildPhase;
			buildActionMask = 2147483647;
			files = (
			);
			runOnlyForDeploymentPostprocessing = 0;
		};
/* End PBXFrameworksBuildPhase section */

/* Begin PBXGroup section */
		E72F31B22915ACDC00DE213C = {
			isa = PBXGroup;
			children = (
				E72F31E92915AD5E00DE213C /* Views */,
				E72F31BD2915ACDC00DE213C /* Quicker Notes */,
				E72F31CF2915ACDD00DE213C /* Quicker NotesTests */,
				E72F31D92915ACDD00DE213C /* Quicker NotesUITests */,
				E72F31BC2915ACDC00DE213C /* Products */,
			);
			sourceTree = "<group>";
		};
		E72F31BC2915ACDC00DE213C /* Products */ = {
			isa = PBXGroup;
			children = (
				E72F31BB2915ACDC00DE213C /* Quicker Notes.app */,
				E72F31CC2915ACDD00DE213C /* Quicker NotesTests.xctest */,
				E72F31D62915ACDD00DE213C /* Quicker NotesUITests.xctest */,
			);
			name = Products;
			sourceTree = "<group>";
		};
		E72F31BD2915ACDC00DE213C /* Quicker Notes */ = {
			isa = PBXGroup;
			children = (
				E72F31BE2915ACDC00DE213C /* Quicker_NotesApp.swift */,
				E72F31C02915ACDC00DE213C /* ContentView.swift */,
				E72F31C22915ACDD00DE213C /* Assets.xcassets */,
				E72F31C42915ACDD00DE213C /* Quicker_Notes.entitlements */,
				E72F31C52915ACDD00DE213C /* Preview Content */,
			);
			path = "Quicker Notes";
			sourceTree = "<group>";
		};
		E72F31C52915ACDD00DE213C /* Preview Content */ = {
			isa = PBXGroup;
			children = (
				E72F31C62915ACDD00DE213C /* Preview Assets.xcassets */,
			);
			path = "Preview Content";
			sourceTree = "<group>";
		};
		E72F31CF2915ACDD00DE213C /* Quicker NotesTests */ = {
			isa = PBXGroup;
			children = (
				E72F31D02915ACDD00DE213C /* Quicker_NotesTests.swift */,
			);
			path = "Quicker NotesTests";
			sourceTree = "<group>";
		};
		E72F31D92915ACDD00DE213C /* Quicker NotesUITests */ = {
			isa = PBXGroup;
			children = (
				E72F31DA2915ACDD00DE213C /* Quicker_NotesUITests.swift */,
				E72F31DC2915ACDD00DE213C /* Quicker_NotesUITestsLaunchTests.swift */,
			);
			path = "Quicker NotesUITests";
			sourceTree = "<group>";
		};
		E72F31E92915AD5E00DE213C /* Views */ = {
			isa = PBXGroup;
			children = (
				E72F31EA2915ADB100DE213C /* Home.swift */,
			);
			path = Views;
			sourceTree = "<group>";
		};
/* End PBXGroup section */

/* Begin PBXNativeTarget section */
		E72F31BA2915ACDC00DE213C /* Quicker Notes */ = {
			isa = PBXNativeTarget;
			buildConfigurationList = E72F31E02915ACDD00DE213C /* Build configuration list for PBXNativeTarget "Quicker Notes" */;
			buildPhases = (
				E72F31B72915ACDC00DE213C /* Sources */,
				E72F31B82915ACDC00DE213C /* Frameworks */,
				E72F31B92915ACDC00DE213C /* Resources */,
			);
			buildRules = (
			);
			dependencies = (
			);
			name = "Quicker Notes";
			productName = "Quicker Notes";
			productReference = E72F31BB2915ACDC00DE213C /* Quicker Notes.app */;
			productType = "com.apple.product-type.application";
		};
		E72F31CB2915ACDD00DE213C /* Quicker NotesTests */ = {
			isa = PBXNativeTarget;
			buildConfigurationList = E72F31E32915ACDD00DE213C /* Build configuration list for PBXNativeTarget "Quicker NotesTests" */;
			buildPhases = (
				E72F31C82915ACDD00DE213C /* Sources */,
				E72F31C92915ACDD00DE213C /* Frameworks */,
				E72F31CA2915ACDD00DE213C /* Resources */,
			);
			buildRules = (
			);
			dependencies = (
				E72F31CE2915ACDD00DE213C /* PBXTargetDependency */,
			);
			name = "Quicker NotesTests";
			productName = "Quicker NotesTests";
			productReference = E72F31CC2915ACDD00DE213C /* Quicker NotesTests.xctest */;
			productType = "com.apple.product-type.bundle.unit-test";
		};
		E72F31D52915ACDD00DE213C /* Quicker NotesUITests */ = {
			isa = PBXNativeTarget;
			buildConfigurationList = E72F31E62915ACDD00DE213C /* Build configuration list for PBXNativeTarget "Quicker NotesUITests" */;
			buildPhases = (
				E72F31D22915ACDD00DE213C /* Sources */,
				E72F31D32915ACDD00DE213C /* Frameworks */,
				E72F31D42915ACDD00DE213C /* Resources */,
			);
			buildRules = (
			);
			dependencies = (
				E72F31D82915ACDD00DE213C /* PBXTargetDependency */,
			);
			name = "Quicker NotesUITests";
			productName = "Quicker NotesUITests";
			productReference = E72F31D62915ACDD00DE213C /* Quicker NotesUITests.xctest */;
			productType = "com.apple.product-type.bundle.ui-testing";
		};
/* End PBXNativeTarget section */

/* Begin PBXProject section */
		E72F31B32915ACDC00DE213C /* Project object */ = {
			isa = PBXProject;
			attributes = {
				BuildIndependentTargetsInParallel = 1;
				LastSwiftUpdateCheck = 1400;
				LastUpgradeCheck = 1400;
				TargetAttributes = {
					E72F31BA2915ACDC00DE213C = {
						CreatedOnToolsVersion = 14.0.1;
					};
					E72F31CB2915ACDD00DE213C = {
						CreatedOnToolsVersion = 14.0.1;
						TestTargetID = E72F31BA2915ACDC00DE213C;
					};
					E72F31D52915ACDD00DE213C = {
						CreatedOnToolsVersion = 14.0.1;
						TestTargetID = E72F31BA2915ACDC00DE213C;
					};
				};
			};
			buildConfigurationList = E72F31B62915ACDC00DE213C /* Build configuration list for PBXProject "Quicker Notes" */;
			compatibilityVersion = "Xcode 14.0";
			developmentRegion = en;
			hasScannedForEncodings = 0;
			knownRegions = (
				en,
				Base,
			);
			mainGroup = E72F31B22915ACDC00DE213C;
			productRefGroup = E72F31BC2915ACDC00DE213C /* Products */;
			projectDirPath = "";
			projectRoot = "";
			targets = (
				E72F31BA2915ACDC00DE213C /* Quicker Notes */,
				E72F31CB2915ACDD00DE213C /* Quicker NotesTests */,
				E72F31D52915ACDD00DE213C /* Quicker NotesUITests */,
			);
		};
/* End PBXProject section */

/* Begin PBXResourcesBuildPhase section */
		E72F31B92915ACDC00DE213C /* Resources */ = {
			isa = PBXResourcesBuildPhase;
			buildActionMask = 2147483647;
			files = (
				E72F31C72915ACDD00DE213C /* Preview Assets.xcassets in Resources */,
				E72F31C32915ACDD00DE213C /* Assets.xcassets in Resources */,
			);
			runOnlyForDeploymentPostprocessing = 0;
		};
		E72F31CA2915ACDD00DE213C /* Resources */ = {
			isa = PBXResourcesBuildPhase;
			buildActionMask = 2147483647;
			files = (
			);
			runOnlyForDeploymentPostprocessing = 0;
		};
		E72F31D42915ACDD00DE213C /* Resources */ = {
			isa = PBXResourcesBuildPhase;
			buildActionMask = 2147483647;
			files = (
			);
			runOnlyForDeploymentPostprocessing = 0;
		};
/* End PBXResourcesBuildPhase section */

/* Begin PBXSourcesBuildPhase section */
		E72F31B72915ACDC00DE213C /* Sources */ = {
			isa = PBXSourcesBuildPhase;
			buildActionMask = 2147483647;
			files = (
				E72F31C12915ACDC00DE213C /* ContentView.swift in Sources */,
				E72F31EB2915ADB100DE213C /* Home.swift in Sources */,
				E72F31BF2915ACDC00DE213C /* Quicker_NotesApp.swift in Sources */,
			);
			runOnlyForDeploymentPostprocessing = 0;
		};
		E72F31C82915ACDD00DE213C /* Sources */ = {
			isa = PBXSourcesBuildPhase;
			buildActionMask = 2147483647;
			files = (
				E72F31D12915ACDD00DE213C /* Quicker_NotesTests.swift in Sources */,
			);
			runOnlyForDeploymentPostprocessing = 0;
		};
		E72F31D22915ACDD00DE213C /* Sources */ = {
			isa = PBXSourcesBuildPhase;
			buildActionMask = 2147483647;
			files = (
				E72F31DB2915ACDD00DE213C /* Quicker_NotesUITests.swift in Sources */,
				E72F31DD2915ACDD00DE213C /* Quicker_NotesUITestsLaunchTests.swift in Sources */,
			);
			runOnlyForDeploymentPostprocessing = 0;
		};
/* End PBXSourcesBuildPhase section */

/* Begin PBXTargetDependency section */
		E72F31CE2915ACDD00DE213C /* PBXTargetDependency */ = {
			isa = PBXTargetDependency;
			target = E72F31BA2915ACDC00DE213C /* Quicker Notes */;
			targetProxy = E72F31CD2915ACDD00DE213C /* PBXContainerItemProxy */;
		};
		E72F31D82915ACDD00DE213C /* PBXTargetDependency */ = {
			isa = PBXTargetDependency;
			target = E72F31BA2915ACDC00DE213C /* Quicker Notes */;
			targetProxy = E72F31D72915ACDD00DE213C /* PBXContainerItemProxy */;
		};
/* End PBXTargetDependency section */

/* Begin XCBuildConfiguration section */
		E72F31DE2915ACDD00DE213C /* Debug */ = {
			isa = XCBuildConfiguration;
			buildSettings = {
				ALWAYS_SEARCH_USER_PATHS = NO;
				CLANG_ANALYZER_NONNULL = YES;
				CLANG_ANALYZER_NUMBER_OBJECT_CONVERSION = YES_AGGRESSIVE;
				CLANG_CXX_LANGUAGE_STANDARD = "gnu++20";
				CLANG_ENABLE_MODULES = YES;
				CLANG_ENABLE_OBJC_ARC = YES;
				CLANG_ENABLE_OBJC_WEAK = YES;
				CLANG_WARN_BLOCK_CAPTURE_AUTORELEASING = YES;
				CLANG_WARN_BOOL_CONVERSION = YES;
				CLANG_WARN_COMMA = YES;
				CLANG_WARN_CONSTANT_CONVERSION = YES;
				CLANG_WARN_DEPRECATED_OBJC_IMPLEMENTATIONS = YES;
				CLANG_WARN_DIRECT_OBJC_ISA_USAGE = YES_ERROR;
				CLANG_WARN_DOCUMENTATION_COMMENTS = YES;
				CLANG_WARN_EMPTY_BODY = YES;
				CLANG_WARN_ENUM_CONVERSION = YES;
				CLANG_WARN_INFINITE_RECURSION = YES;
				CLANG_WARN_INT_CONVERSION = YES;
				CLANG_WARN_NON_LITERAL_NULL_CONVERSION = YES;
				CLANG_WARN_OBJC_IMPLICIT_RETAIN_SELF = YES;
				CLANG_WARN_OBJC_LITERAL_CONVERSION = YES;
				CLANG_WARN_OBJC_ROOT_CLASS = YES_ERROR;
				CLANG_WARN_QUOTED_INCLUDE_IN_FRAMEWORK_HEADER = YES;
				CLANG_WARN_RANGE_LOOP_ANALYSIS = YES;
				CLANG_WARN_STRICT_PROTOTYPES = YES;
				CLANG_WARN_SUSPICIOUS_MOVE = YES;
				CLANG_WARN_UNGUARDED_AVAILABILITY = YES_AGGRESSIVE;
				CLANG_WARN_UNREACHABLE_CODE = YES;
				CLANG_WARN__DUPLICATE_METHOD_MATCH = YES;
				COPY_PHASE_STRIP = NO;
				DEBUG_INFORMATION_FORMAT = dwarf;
				ENABLE_STRICT_OBJC_MSGSEND = YES;
				ENABLE_TESTABILITY = YES;
				GCC_C_LANGUAGE_STANDARD = gnu11;
				GCC_DYNAMIC_NO_PIC = NO;
				GCC_NO_COMMON_BLOCKS = YES;
				GCC_OPTIMIZATION_LEVEL = 0;
				GCC_PREPROCESSOR_DEFINITIONS = (
					"DEBUG=1",
					"$(inherited)",
				);
				GCC_WARN_64_TO_32_BIT_CONVERSION = YES;
				GCC_WARN_ABOUT_RETURN_TYPE = YES_ERROR;
				GCC_WARN_UNDECLARED_SELECTOR = YES;
				GCC_WARN_UNINITIALIZED_AUTOS = YES_AGGRESSIVE;
				GCC_WARN_UNUSED_FUNCTION = YES;
				GCC_WARN_UNUSED_VARIABLE = YES;
				MTL_ENABLE_DEBUG_INFO = INCLUDE_SOURCE;
				MTL_FAST_MATH = YES;
				ONLY_ACTIVE_ARCH = YES;
				SWIFT_ACTIVE_COMPILATION_CONDITIONS = DEBUG;
				SWIFT_OPTIMIZATION_LEVEL = "-Onone";
			};
			name = Debug;
		};
		E72F31DF2915ACDD00DE213C /* Release */ = {
			isa = XCBuildConfiguration;
			buildSettings = {
				ALWAYS_SEARCH_USER_PATHS = NO;
				CLANG_ANALYZER_NONNULL = YES;
				CLANG_ANALYZER_NUMBER_OBJECT_CONVERSION = YES_AGGRESSIVE;
				CLANG_CXX_LANGUAGE_STANDARD = "gnu++20";
				CLANG_ENABLE_MODULES = YES;
				CLANG_ENABLE_OBJC_ARC = YES;
				CLANG_ENABLE_OBJC_WEAK = YES;
				CLANG_WARN_BLOCK_CAPTURE_AUTORELEASING = YES;
				CLANG_WARN_BOOL_CONVERSION = YES;
				CLANG_WARN_COMMA = YES;
				CLANG_WARN_CONSTANT_CONVERSION = YES;
				CLANG_WARN_DEPRECATED_OBJC_IMPLEMENTATIONS = YES;
				CLANG_WARN_DIRECT_OBJC_ISA_USAGE = YES_ERROR;
				CLANG_WARN_DOCUMENTATION_COMMENTS = YES;
				CLANG_WARN_EMPTY_BODY = YES;
				CLANG_WARN_ENUM_CONVERSION = YES;
				CLANG_WARN_INFINITE_RECURSION = YES;
				CLANG_WARN_INT_CONVERSION = YES;
				CLANG_WARN_NON_LITERAL_NULL_CONVERSION = YES;
				CLANG_WARN_OBJC_IMPLICIT_RETAIN_SELF = YES;
				CLANG_WARN_OBJC_LITERAL_CONVERSION = YES;
				CLANG_WARN_OBJC_ROOT_CLASS = YES_ERROR;
				CLANG_WARN_QUOTED_INCLUDE_IN_FRAMEWORK_HEADER = YES;
				CLANG_WARN_RANGE_LOOP_ANALYSIS = YES;
				CLANG_WARN_STRICT_PROTOTYPES = YES;
				CLANG_WARN_SUSPICIOUS_MOVE = YES;
				CLANG_WARN_UNGUARDED_AVAILABILITY = YES_AGGRESSIVE;
				CLANG_WARN_UNREACHABLE_CODE = YES;
				CLANG_WARN__DUPLICATE_METHOD_MATCH = YES;
				COPY_PHASE_STRIP = NO;
				DEBUG_INFORMATION_FORMAT = "dwarf-with-dsym";
				ENABLE_NS_ASSERTIONS = NO;
				ENABLE_STRICT_OBJC_MSGSEND = YES;
				GCC_C_LANGUAGE_STANDARD = gnu11;
				GCC_NO_COMMON_BLOCKS = YES;
				GCC_WARN_64_TO_32_BIT_CONVERSION = YES;
				GCC_WARN_ABOUT_RETURN_TYPE = YES_ERROR;
				GCC_WARN_UNDECLARED_SELECTOR = YES;
				GCC_WARN_UNINITIALIZED_AUTOS = YES_AGGRESSIVE;
				GCC_WARN_UNUSED_FUNCTION = YES;
				GCC_WARN_UNUSED_VARIABLE = YES;
				MTL_ENABLE_DEBUG_INFO = NO;
				MTL_FAST_MATH = YES;
				SWIFT_COMPILATION_MODE = wholemodule;
				SWIFT_OPTIMIZATION_LEVEL = "-O";
			};
			name = Release;
		};
		E72F31E12915ACDD00DE213C /* Debug */ = {
			isa = XCBuildConfiguration;
			buildSettings = {
				ASSETCATALOG_COMPILER_APPICON_NAME = AppIcon;
				ASSETCATALOG_COMPILER_GLOBAL_ACCENT_COLOR_NAME = AccentColor;
				CODE_SIGN_ENTITLEMENTS = "Quicker Notes/Quicker_Notes.entitlements";
				CODE_SIGN_STYLE = Automatic;
				CURRENT_PROJECT_VERSION = 1;
				DEVELOPMENT_ASSET_PATHS = "\"Quicker Notes/Preview Content\"";
				DEVELOPMENT_TEAM = T453A8JHR5;
				ENABLE_HARDENED_RUNTIME = YES;
				ENABLE_PREVIEWS = YES;
				GENERATE_INFOPLIST_FILE = YES;
				"INFOPLIST_KEY_UIApplicationSceneManifest_Generation[sdk=iphoneos*]" = YES;
				"INFOPLIST_KEY_UIApplicationSceneManifest_Generation[sdk=iphonesimulator*]" = YES;
				"INFOPLIST_KEY_UIApplicationSupportsIndirectInputEvents[sdk=iphoneos*]" = YES;
				"INFOPLIST_KEY_UIApplicationSupportsIndirectInputEvents[sdk=iphonesimulator*]" = YES;
				"INFOPLIST_KEY_UILaunchScreen_Generation[sdk=iphoneos*]" = YES;
				"INFOPLIST_KEY_UILaunchScreen_Generation[sdk=iphonesimulator*]" = YES;
				"INFOPLIST_KEY_UIStatusBarStyle[sdk=iphoneos*]" = UIStatusBarStyleDefault;
				"INFOPLIST_KEY_UIStatusBarStyle[sdk=iphonesimulator*]" = UIStatusBarStyleDefault;
				INFOPLIST_KEY_UISupportedInterfaceOrientations_iPad = "UIInterfaceOrientationPortrait UIInterfaceOrientationPortraitUpsideDown UIInterfaceOrientationLandscapeLeft UIInterfaceOrientationLandscapeRight";
				INFOPLIST_KEY_UISupportedInterfaceOrientations_iPhone = "UIInterfaceOrientationPortrait UIInterfaceOrientationLandscapeLeft UIInterfaceOrientationLandscapeRight";
				IPHONEOS_DEPLOYMENT_TARGET = 16.0;
				LD_RUNPATH_SEARCH_PATHS = "@executable_path/Frameworks";
				"LD_RUNPATH_SEARCH_PATHS[sdk=macosx*]" = "@executable_path/../Frameworks";
				MACOSX_DEPLOYMENT_TARGET = 12.3;
				MARKETING_VERSION = 1.0;
				PRODUCT_BUNDLE_IDENTIFIER = "omar.leal.Quicker-Notes";
				PRODUCT_NAME = "$(TARGET_NAME)";
				SDKROOT = auto;
				SUPPORTED_PLATFORMS = "iphoneos iphonesimulator macosx";
				SWIFT_EMIT_LOC_STRINGS = YES;
				SWIFT_VERSION = 5.0;
				TARGETED_DEVICE_FAMILY = "1,2";
			};
			name = Debug;
		};
		E72F31E22915ACDD00DE213C /* Release */ = {
			isa = XCBuildConfiguration;
			buildSettings = {
				ASSETCATALOG_COMPILER_APPICON_NAME = AppIcon;
				ASSETCATALOG_COMPILER_GLOBAL_ACCENT_COLOR_NAME = AccentColor;
				CODE_SIGN_ENTITLEMENTS = "Quicker Notes/Quicker_Notes.entitlements";
				CODE_SIGN_STYLE = Automatic;
				CURRENT_PROJECT_VERSION = 1;
				DEVELOPMENT_ASSET_PATHS = "\"Quicker Notes/Preview Content\"";
				DEVELOPMENT_TEAM = T453A8JHR5;
				ENABLE_HARDENED_RUNTIME = YES;
				ENABLE_PREVIEWS = YES;
				GENERATE_INFOPLIST_FILE = YES;
				"INFOPLIST_KEY_UIApplicationSceneManifest_Generation[sdk=iphoneos*]" = YES;
				"INFOPLIST_KEY_UIApplicationSceneManifest_Generation[sdk=iphonesimulator*]" = YES;
				"INFOPLIST_KEY_UIApplicationSupportsIndirectInputEvents[sdk=iphoneos*]" = YES;
				"INFOPLIST_KEY_UIApplicationSupportsIndirectInputEvents[sdk=iphonesimulator*]" = YES;
				"INFOPLIST_KEY_UILaunchScreen_Generation[sdk=iphoneos*]" = YES;
				"INFOPLIST_KEY_UILaunchScreen_Generation[sdk=iphonesimulator*]" = YES;
				"INFOPLIST_KEY_UIStatusBarStyle[sdk=iphoneos*]" = UIStatusBarStyleDefault;
				"INFOPLIST_KEY_UIStatusBarStyle[sdk=iphonesimulator*]" = UIStatusBarStyleDefault;
				INFOPLIST_KEY_UISupportedInterfaceOrientations_iPad = "UIInterfaceOrientationPortrait UIInterfaceOrientationPortraitUpsideDown UIInterfaceOrientationLandscapeLeft UIInterfaceOrientationLandscapeRight";
				INFOPLIST_KEY_UISupportedInterfaceOrientations_iPhone = "UIInterfaceOrientationPortrait UIInterfaceOrientationLandscapeLeft UIInterfaceOrientationLandscapeRight";
				IPHONEOS_DEPLOYMENT_TARGET = 16.0;
				LD_RUNPATH_SEARCH_PATHS = "@executable_path/Frameworks";
				"LD_RUNPATH_SEARCH_PATHS[sdk=macosx*]" = "@executable_path/../Frameworks";
				MACOSX_DEPLOYMENT_TARGET = 12.3;
				MARKETING_VERSION = 1.0;
				PRODUCT_BUNDLE_IDENTIFIER = "omar.leal.Quicker-Notes";
				PRODUCT_NAME = "$(TARGET_NAME)";
				SDKROOT = auto;
				SUPPORTED_PLATFORMS = "iphoneos iphonesimulator macosx";
				SWIFT_EMIT_LOC_STRINGS = YES;
				SWIFT_VERSION = 5.0;
				TARGETED_DEVICE_FAMILY = "1,2";
			};
			name = Release;
		};
		E72F31E42915ACDD00DE213C /* Debug */ = {
			isa = XCBuildConfiguration;
			buildSettings = {
				ALWAYS_EMBED_SWIFT_STANDARD_LIBRARIES = YES;
				BUNDLE_LOADER = "$(TEST_HOST)";
				CODE_SIGN_STYLE = Automatic;
				CURRENT_PROJECT_VERSION = 1;
				DEVELOPMENT_TEAM = T453A8JHR5;
				GENERATE_INFOPLIST_FILE = YES;
				IPHONEOS_DEPLOYMENT_TARGET = 16.0;
				MACOSX_DEPLOYMENT_TARGET = 12.3;
				MARKETING_VERSION = 1.0;
				PRODUCT_BUNDLE_IDENTIFIER = "omar.leal.Quicker-NotesTests";
				PRODUCT_NAME = "$(TARGET_NAME)";
				SDKROOT = auto;
				SUPPORTED_PLATFORMS = "iphoneos iphonesimulator macosx";
				SWIFT_EMIT_LOC_STRINGS = NO;
				SWIFT_VERSION = 5.0;
				TARGETED_DEVICE_FAMILY = "1,2";
				TEST_HOST = "$(BUILT_PRODUCTS_DIR)/Quicker Notes.app/$(BUNDLE_EXECUTABLE_FOLDER_PATH)/Quicker Notes";
			};
			name = Debug;
		};
		E72F31E52915ACDD00DE213C /* Release */ = {
			isa = XCBuildConfiguration;
			buildSettings = {
				ALWAYS_EMBED_SWIFT_STANDARD_LIBRARIES = YES;
				BUNDLE_LOADER = "$(TEST_HOST)";
				CODE_SIGN_STYLE = Automatic;
				CURRENT_PROJECT_VERSION = 1;
				DEVELOPMENT_TEAM = T453A8JHR5;
				GENERATE_INFOPLIST_FILE = YES;
				IPHONEOS_DEPLOYMENT_TARGET = 16.0;
				MACOSX_DEPLOYMENT_TARGET = 12.3;
				MARKETING_VERSION = 1.0;
				PRODUCT_BUNDLE_IDENTIFIER = "omar.leal.Quicker-NotesTests";
				PRODUCT_NAME = "$(TARGET_NAME)";
				SDKROOT = auto;
				SUPPORTED_PLATFORMS = "iphoneos iphonesimulator macosx";
				SWIFT_EMIT_LOC_STRINGS = NO;
				SWIFT_VERSION = 5.0;
				TARGETED_DEVICE_FAMILY = "1,2";
				TEST_HOST = "$(BUILT_PRODUCTS_DIR)/Quicker Notes.app/$(BUNDLE_EXECUTABLE_FOLDER_PATH)/Quicker Notes";
			};
			name = Release;
		};
		E72F31E72915ACDD00DE213C /* Debug */ = {
			isa = XCBuildConfiguration;
			buildSettings = {
				ALWAYS_EMBED_SWIFT_STANDARD_LIBRARIES = YES;
				CODE_SIGN_STYLE = Automatic;
				CURRENT_PROJECT_VERSION = 1;
				DEVELOPMENT_TEAM = T453A8JHR5;
				GENERATE_INFOPLIST_FILE = YES;
				IPHONEOS_DEPLOYMENT_TARGET = 16.0;
				MACOSX_DEPLOYMENT_TARGET = 12.3;
				MARKETING_VERSION = 1.0;
				PRODUCT_BUNDLE_IDENTIFIER = "omar.leal.Quicker-NotesUITests";
				PRODUCT_NAME = "$(TARGET_NAME)";
				SDKROOT = auto;
				SUPPORTED_PLATFORMS = "iphoneos iphonesimulator macosx";
				SWIFT_EMIT_LOC_STRINGS = NO;
				SWIFT_VERSION = 5.0;
				TARGETED_DEVICE_FAMILY = "1,2";
				TEST_TARGET_NAME = "Quicker Notes";
			};
			name = Debug;
		};
		E72F31E82915ACDD00DE213C /* Release */ = {
			isa = XCBuildConfiguration;
			buildSettings = {
				ALWAYS_EMBED_SWIFT_STANDARD_LIBRARIES = YES;
				CODE_SIGN_STYLE = Automatic;
				CURRENT_PROJECT_VERSION = 1;
				DEVELOPMENT_TEAM = T453A8JHR5;
				GENERATE_INFOPLIST_FILE = YES;
				IPHONEOS_DEPLOYMENT_TARGET = 16.0;
				MACOSX_DEPLOYMENT_TARGET = 12.3;
				MARKETING_VERSION = 1.0;
				PRODUCT_BUNDLE_IDENTIFIER = "omar.leal.Quicker-NotesUITests";
				PRODUCT_NAME = "$(TARGET_NAME)";
				SDKROOT = auto;
				SUPPORTED_PLATFORMS = "iphoneos iphonesimulator macosx";
				SWIFT_EMIT_LOC_STRINGS = NO;
				SWIFT_VERSION = 5.0;
				TARGETED_DEVICE_FAMILY = "1,2";
				TEST_TARGET_NAME = "Quicker Notes";
			};
			name = Release;
		};
/* End XCBuildConfiguration section */

/* Begin XCConfigurationList section */
		E72F31B62915ACDC00DE213C /* Build configuration list for PBXProject "Quicker Notes" */ = {
			isa = XCConfigurationList;
			buildConfigurations = (
				E72F31DE2915ACDD00DE213C /* Debug */,
				E72F31DF2915ACDD00DE213C /* Release */,
			);
			defaultConfigurationIsVisible = 0;
			defaultConfigurationName = Release;
		};
		E72F31E02915ACDD00DE213C /* Build configuration list for PBXNativeTarget "Quicker Notes" */ = {
			isa = XCConfigurationList;
			buildConfigurations = (
				E72F31E12915ACDD00DE213C /* Debug */,
				E72F31E22915ACDD00DE213C /* Release */,
			);
			defaultConfigurationIsVisible = 0;
			defaultConfigurationName = Release;
		};
		E72F31E32915ACDD00DE213C /* Build configuration list for PBXNativeTarget "Quicker NotesTests" */ = {
			isa = XCConfigurationList;
			buildConfigurations = (
				E72F31E42915ACDD00DE213C /* Debug */,
				E72F31E52915ACDD00DE213C /* Release */,
			);
			defaultConfigurationIsVisible = 0;
			defaultConfigurationName = Release;
		};
		E72F31E62915ACDD00DE213C /* Build configuration list for PBXNativeTarget "Quicker NotesUITests" */ = {
			isa = XCConfigurationList;
			buildConfigurations = (
				E72F31E72915ACDD00DE213C /* Debug */,
				E72F31E82915ACDD00DE213C /* Release */,
			);
			defaultConfigurationIsVisible = 0;
			defaultConfigurationName = Release;
		};
/* End XCConfigurationList section */
	};
	rootObject = E72F31B32915ACDC00DE213C /* Project object */;
}
